<?xml version="1.0" encoding="utf-8"?>
<Project ToolsVersion="4.0" xmlns="http://schemas.microsoft.com/developer/msbuild/2003">
  <ItemGroup>
    <Filter Include="Header Files">
      <UniqueIdentifier>{93995380-89BD-4b04-88EB-625FBE52EBFB}</UniqueIdentifier>
      <Extensions>h;hh;hpp;hxx;hm;inl;inc;xsd</Extensions>
    </Filter>
    <Filter Include="Translation Files">
      <UniqueIdentifier>{639EADAA-A684-42e4-A9AD-28FC9BCB8F7C}</UniqueIdentifier>
      <Extensions>ts</Extensions>
    </Filter>
    <Filter Include="Common">
      <UniqueIdentifier>{3dcc5685-252a-4545-adb1-028d00ac6f9b}</UniqueIdentifier>
    </Filter>
    <Filter Include="Graphics">
      <UniqueIdentifier>{4FC737F1-C7A5-4376-A066-2A32D752A2FF}</UniqueIdentifier>
      <Extensions>cpp;c;cc;cxx;def;odl;idl;hpj;bat;asm;asmx</Extensions>
    </Filter>
    <Filter Include="Source Files">
      <UniqueIdentifier>{282309c4-aaa8-4b9d-ad5b-6c03ff3c0bd4}</UniqueIdentifier>
    </Filter>
    <Filter Include="Items">
      <UniqueIdentifier>{0b9df846-92c7-46c5-ad50-dce3270c85cc}</UniqueIdentifier>
    </Filter>
  </ItemGroup>
  <ItemGroup>
    <ClCompile Include="ImageLayer.cpp">
      <Filter>Graphics</Filter>
    </ClCompile>
    <ClCompile Include="GraphicsUndoCommand.cpp">
      <Filter>Graphics</Filter>
    </ClCompile>
    <ClCompile Include="GraphicsModel.cpp">
      <Filter>Graphics</Filter>
    </ClCompile>
    <ClCompile Include="GraphicsView.cpp">
      <Filter>Graphics</Filter>
    </ClCompile>
    <ClCompile Include="GraphicsLayer.cpp">
      <Filter>Graphics</Filter>
    </ClCompile>
    <ClCompile Include="GaiaMath.cpp">
      <Filter>Common</Filter>
    </ClCompile>
    <ClCompile Include="Figure.cpp">
      <Filter>Common</Filter>
    </ClCompile>
    <ClCompile Include="GraphicsDrawItem.cpp">
      <Filter>Items</Filter>
    </ClCompile>
    <ClCompile Include="GraphicsLineItem.cpp">
      <Filter>Items</Filter>
    </ClCompile>
    <ClCompile Include="GraphicsPointItem.cpp">
      <Filter>Items</Filter>
    </ClCompile>
    <ClCompile Include="GraphicsPolygonItem.cpp">
      <Filter>Items</Filter>
    </ClCompile>
    <ClCompile Include="GraphicsRectItem.cpp">
      <Filter>Items</Filter>
    </ClCompile>
    <ClCompile Include="ImageItem.cpp">
      <Filter>Items</Filter>
    </ClCompile>
  </ItemGroup>
  <ItemGroup>
    <QtMoc Include="GraphicsModel.h">
      <Filter>Graphics</Filter>
    </QtMoc>
    <QtMoc Include="GraphicsView.h">
      <Filter>Graphics</Filter>
    </QtMoc>
    <QtMoc Include="ImageItem.h">
      <Filter>Items</Filter>
    </QtMoc>
  </ItemGroup>
  <ItemGroup>
    <ClInclude Include="gaia_global.h">
      <Filter>Common</Filter>
    </ClInclude>
    <ClInclude Include="GraphicsUndoCommand.h">
      <Filter>Graphics</Filter>
    </ClInclude>
    <ClInclude Include="ImageLayer.h">
      <Filter>Graphics</Filter>
    </ClInclude>
    <ClInclude Include="GraphicsLayer.h">
      <Filter>Graphics</Filter>
    </ClInclude>
    <ClInclude Include="GaiaMath.h">
      <Filter>Common</Filter>
    </ClInclude>
    <ClInclude Include="Figure.h">
      <Filter>Common</Filter>
    </ClInclude>
    <ClInclude Include="GraphicsDrawItem.h">
      <Filter>Items</Filter>
    </ClInclude>
    <ClInclude Include="GraphicsLineItem.h">
      <Filter>Items</Filter>
    </ClInclude>
    <ClInclude Include="GraphicsPointItem.h">
      <Filter>Items</Filter>
    </ClInclude>
    <ClInclude Include="GraphicsPolygonItem.h">
      <Filter>Items</Filter>
    </ClInclude>
    <ClInclude Include="GraphicsRectItem.h">
      <Filter>Items</Filter>
    </ClInclude>
  </ItemGroup>
</Project>